{
    "_meta": {
        "hash": {
            "sha256": "e22c802acd44addee1269eeb641bb8efe5fa8232fdb53579006410d3d56450c7"
        },
        "pipfile-spec": 6,
        "requires": {
            "python_version": "3.11"
        },
        "sources": [
            {
                "name": "pypi",
                "url": "https://pypi.org/simple",
                "verify_ssl": true
            }
        ]
    },
    "default": {
        "parse": {
            "hashes": [
                "sha256:9ff82852bcb65d139813e2a5197627a94966245c897796760a3a2a8eb66f020b"
            ],
            "index": "pypi",
            "version": "==1.19.0"
        },
        "z3-solver": {
            "hashes": [
                "sha256:05093668d9413886d579c1d333435772cc4801a0a7f60e0c2a3b57eb6a4c1171",
                "sha256:13f4e5ebbc8478a12ef9c77de4fe595cfefca1370a64cb76d9d3639176b705e3",
                "sha256:3899d7461194a67eb3205c347b3078f1994d6bd1e472f43adf73d7a3eaa7b0f4",
                "sha256:55d3cc3ece8c182202e4d11c4880bbf754185405def37de3feeb646d70016844",
                "sha256:65e11318958a81236a6a89fcc0721ef7dcc7f570009430488c76c3e86d0baa19",
                "sha256:c73c016c64256257c61727234a168c1fd722d9ce605aa7a0d1d1027b30c1efa2"
            ],
            "index": "pypi",
            "version": "==4.12.0.0"
        }
    },
    "develop": {}
}
